// !$*UTF8*$!
{
	archiveVersion = 1;
	classes = {
	};
	objectVersion = 56;
	objects = {

/* Begin PBXBuildFile section */
		7B5947CD299C0AA7007466CB /* GitHubXcodeApp.swift in Sources */ = {isa = PBXBuildFile; fileRef = 7B5947CC299C0AA7007466CB /* GitHubXcodeApp.swift */; };
		7B5947CF299C0AA7007466CB /* ContentView.swift in Sources */ = {isa = PBXBuildFile; fileRef = 7B5947CE299C0AA7007466CB /* ContentView.swift */; };
		7B5947D1299C0AA9007466CB /* Assets.xcassets in Resources */ = {isa = PBXBuildFile; fileRef = 7B5947D0299C0AA9007466CB /* Assets.xcassets */; };
		7B5947D4299C0AA9007466CB /* Preview Assets.xcassets in Resources */ = {isa = PBXBuildFile; fileRef = 7B5947D3299C0AA9007466CB /* Preview Assets.xcassets */; };
		7B5947DE299C0AA9007466CB /* GitHubXcodeTests.swift in Sources */ = {isa = PBXBuildFile; fileRef = 7B5947DD299C0AA9007466CB /* GitHubXcodeTests.swift */; };
		7B5947E8299C0AA9007466CB /* GitHubXcodeUITests.swift in Sources */ = {isa = PBXBuildFile; fileRef = 7B5947E7299C0AA9007466CB /* GitHubXcodeUITests.swift */; };
		7B5947EA299C0AA9007466CB /* GitHubXcodeUITestsLaunchTests.swift in Sources */ = {isa = PBXBuildFile; fileRef = 7B5947E9299C0AA9007466CB /* GitHubXcodeUITestsLaunchTests.swift */; };
		7B5947F7299C0C59007466CB /* new.swift in Sources */ = {isa = PBXBuildFile; fileRef = 7B5947F6299C0C59007466CB /* new.swift */; };
/* End PBXBuildFile section */

/* Begin PBXContainerItemProxy section */
		7B5947DA299C0AA9007466CB /* PBXContainerItemProxy */ = {
			isa = PBXContainerItemProxy;
			containerPortal = 7B5947C1299C0AA7007466CB /* Project object */;
			proxyType = 1;
			remoteGlobalIDString = 7B5947C8299C0AA7007466CB;
			remoteInfo = GitHubXcode;
		};
		7B5947E4299C0AA9007466CB /* PBXContainerItemProxy */ = {
			isa = PBXContainerItemProxy;
			containerPortal = 7B5947C1299C0AA7007466CB /* Project object */;
			proxyType = 1;
			remoteGlobalIDString = 7B5947C8299C0AA7007466CB;
			remoteInfo = GitHubXcode;
		};
/* End PBXContainerItemProxy section */

/* Begin PBXFileReference section */
		7B5947C9299C0AA7007466CB /* GitHubXcode.app */ = {isa = PBXFileReference; explicitFileType = wrapper.application; includeInIndex = 0; path = GitHubXcode.app; sourceTree = BUILT_PRODUCTS_DIR; };
		7B5947CC299C0AA7007466CB /* GitHubXcodeApp.swift */ = {isa = PBXFileReference; lastKnownFileType = sourcecode.swift; path = GitHubXcodeApp.swift; sourceTree = "<group>"; };
		7B5947CE299C0AA7007466CB /* ContentView.swift */ = {isa = PBXFileReference; lastKnownFileType = sourcecode.swift; path = ContentView.swift; sourceTree = "<group>"; };
		7B5947D0299C0AA9007466CB /* Assets.xcassets */ = {isa = PBXFileReference; lastKnownFileType = folder.assetcatalog; path = Assets.xcassets; sourceTree = "<group>"; };
		7B5947D3299C0AA9007466CB /* Preview Assets.xcassets */ = {isa = PBXFileReference; lastKnownFileType = folder.assetcatalog; path = "Preview Assets.xcassets"; sourceTree = "<group>"; };
		7B5947D9299C0AA9007466CB /* GitHubXcodeTests.xctest */ = {isa = PBXFileReference; explicitFileType = wrapper.cfbundle; includeInIndex = 0; path = GitHubXcodeTests.xctest; sourceTree = BUILT_PRODUCTS_DIR; };
		7B5947DD299C0AA9007466CB /* GitHubXcodeTests.swift */ = {isa = PBXFileReference; lastKnownFileType = sourcecode.swift; path = GitHubXcodeTests.swift; sourceTree = "<group>"; };
		7B5947E3299C0AA9007466CB /* GitHubXcodeUITests.xctest */ = {isa = PBXFileReference; explicitFileType = wrapper.cfbundle; includeInIndex = 0; path = GitHubXcodeUITests.xctest; sourceTree = BUILT_PRODUCTS_DIR; };
		7B5947E7299C0AA9007466CB /* GitHubXcodeUITests.swift */ = {isa = PBXFileReference; lastKnownFileType = sourcecode.swift; path = GitHubXcodeUITests.swift; sourceTree = "<group>"; };
		7B5947E9299C0AA9007466CB /* GitHubXcodeUITestsLaunchTests.swift */ = {isa = PBXFileReference; lastKnownFileType = sourcecode.swift; path = GitHubXcodeUITestsLaunchTests.swift; sourceTree = "<group>"; };
		7B5947F6299C0C59007466CB /* new.swift */ = {isa = PBXFileReference; lastKnownFileType = sourcecode.swift; path = new.swift; sourceTree = "<group>"; };
/* End PBXFileReference section */

/* Begin PBXFrameworksBuildPhase section */
		7B5947C6299C0AA7007466CB /* Frameworks */ = {
			isa = PBXFrameworksBuildPhase;
			buildActionMask = 2147483647;
			files = (
			);
			runOnlyForDeploymentPostprocessing = 0;
		};
		7B5947D6299C0AA9007466CB /* Frameworks */ = {
			isa = PBXFrameworksBuildPhase;
			buildActionMask = 2147483647;
			files = (
			);
			runOnlyForDeploymentPostprocessing = 0;
		};
		7B5947E0299C0AA9007466CB /* Frameworks */ = {
			isa = PBXFrameworksBuildPhase;
			buildActionMask = 2147483647;
			files = (
			);
			runOnlyForDeploymentPostprocessing = 0;
		};
/* End PBXFrameworksBuildPhase section */

/* Begin PBXGroup section */
		7B5947C0299C0AA7007466CB = {
			isa = PBXGroup;
			children = (
				7B5947CB299C0AA7007466CB /* GitHubXcode */,
				7B5947DC299C0AA9007466CB /* GitHubXcodeTests */,
				7B5947E6299C0AA9007466CB /* GitHubXcodeUITests */,
				7B5947CA299C0AA7007466CB /* Products */,
			);
			sourceTree = "<group>";
		};
		7B5947CA299C0AA7007466CB /* Products */ = {
			isa = PBXGroup;
			children = (
				7B5947C9299C0AA7007466CB /* GitHubXcode.app */,
				7B5947D9299C0AA9007466CB /* GitHubXcodeTests.xctest */,
				7B5947E3299C0AA9007466CB /* GitHubXcodeUITests.xctest */,
			);
			name = Products;
			sourceTree = "<group>";
		};
		7B5947CB299C0AA7007466CB /* GitHubXcode */ = {
			isa = PBXGroup;
			children = (
				7B5947CC299C0AA7007466CB /* GitHubXcodeApp.swift */,
				7B5947CE299C0AA7007466CB /* ContentView.swift */,
				7B5947F6299C0C59007466CB /* new.swift */,
				7B5947D0299C0AA9007466CB /* Assets.xcassets */,
				7B5947D2299C0AA9007466CB /* Preview Content */,
			);
			path = GitHubXcode;
			sourceTree = "<group>";
		};
		7B5947D2299C0AA9007466CB /* Preview Content */ = {
			isa = PBXGroup;
			children = (
				7B5947D3299C0AA9007466CB /* Preview Assets.xcassets */,
			);
			path = "Preview Content";
			sourceTree = "<group>";
		};
		7B5947DC299C0AA9007466CB /* GitHubXcodeTests */ = {
			isa = PBXGroup;
			children = (
				7B5947DD299C0AA9007466CB /* GitHubXcodeTests.swift */,
			);
			path = GitHubXcodeTests;
			sourceTree = "<group>";
		};
		7B5947E6299C0AA9007466CB /* GitHubXcodeUITests */ = {
			isa = PBXGroup;
			children = (
				7B5947E7299C0AA9007466CB /* GitHubXcodeUITests.swift */,
				7B5947E9299C0AA9007466CB /* GitHubXcodeUITestsLaunchTests.swift */,
			);
			path = GitHubXcodeUITests;
			sourceTree = "<group>";
		};
/* End PBXGroup section */

/* Begin PBXNativeTarget section */
		7B5947C8299C0AA7007466CB /* GitHubXcode */ = {
			isa = PBXNativeTarget;
			buildConfigurationList = 7B5947ED299C0AA9007466CB /* Build configuration list for PBXNativeTarget "GitHubXcode" */;
			buildPhases = (
				7B5947C5299C0AA7007466CB /* Sources */,
				7B5947C6299C0AA7007466CB /* Frameworks */,
				7B5947C7299C0AA7007466CB /* Resources */,
			);
			buildRules = (
			);
			dependencies = (
			);
			name = GitHubXcode;
			productName = GitHubXcode;
			productReference = 7B5947C9299C0AA7007466CB /* GitHubXcode.app */;
			productType = "com.apple.product-type.application";
		};
		7B5947D8299C0AA9007466CB /* GitHubXcodeTests */ = {
			isa = PBXNativeTarget;
			buildConfigurationList = 7B5947F0299C0AA9007466CB /* Build configuration list for PBXNativeTarget "GitHubXcodeTests" */;
			buildPhases = (
				7B5947D5299C0AA9007466CB /* Sources */,
				7B5947D6299C0AA9007466CB /* Frameworks */,
				7B5947D7299C0AA9007466CB /* Resources */,
			);
			buildRules = (
			);
			dependencies = (
				7B5947DB299C0AA9007466CB /* PBXTargetDependency */,
			);
			name = GitHubXcodeTests;
			productName = GitHubXcodeTests;
			productReference = 7B5947D9299C0AA9007466CB /* GitHubXcodeTests.xctest */;
			productType = "com.apple.product-type.bundle.unit-test";
		};
		7B5947E2299C0AA9007466CB /* GitHubXcodeUITests */ = {
			isa = PBXNativeTarget;
			buildConfigurationList = 7B5947F3299C0AA9007466CB /* Build configuration list for PBXNativeTarget "GitHubXcodeUITests" */;
			buildPhases = (
				7B5947DF299C0AA9007466CB /* Sources */,
				7B5947E0299C0AA9007466CB /* Frameworks */,
				7B5947E1299C0AA9007466CB /* Resources */,
			);
			buildRules = (
			);
			dependencies = (
				7B5947E5299C0AA9007466CB /* PBXTargetDependency */,
			);
			name = GitHubXcodeUITests;
			productName = GitHubXcodeUITests;
			productReference = 7B5947E3299C0AA9007466CB /* GitHubXcodeUITests.xctest */;
			productType = "com.apple.product-type.bundle.ui-testing";
		};
/* End PBXNativeTarget section */

/* Begin PBXProject section */
		7B5947C1299C0AA7007466CB /* Project object */ = {
			isa = PBXProject;
			attributes = {
				BuildIndependentTargetsInParallel = 1;
				LastSwiftUpdateCheck = 1420;
				LastUpgradeCheck = 1420;
				TargetAttributes = {
					7B5947C8299C0AA7007466CB = {
						CreatedOnToolsVersion = 14.2;
					};
					7B5947D8299C0AA9007466CB = {
						CreatedOnToolsVersion = 14.2;
						TestTargetID = 7B5947C8299C0AA7007466CB;
					};
					7B5947E2299C0AA9007466CB = {
						CreatedOnToolsVersion = 14.2;
						TestTargetID = 7B5947C8299C0AA7007466CB;
					};
				};
			};
			buildConfigurationList = 7B5947C4299C0AA7007466CB /* Build configuration list for PBXProject "GitHubXcode" */;
			compatibilityVersion = "Xcode 14.0";
			developmentRegion = en;
			hasScannedForEncodings = 0;
			knownRegions = (
				en,
				Base,
			);
			mainGroup = 7B5947C0299C0AA7007466CB;
			productRefGroup = 7B5947CA299C0AA7007466CB /* Products */;
			projectDirPath = "";
			projectRoot = "";
			targets = (
				7B5947C8299C0AA7007466CB /* GitHubXcode */,
				7B5947D8299C0AA9007466CB /* GitHubXcodeTests */,
				7B5947E2299C0AA9007466CB /* GitHubXcodeUITests */,
			);
		};
/* End PBXProject section */

/* Begin PBXResourcesBuildPhase section */
		7B5947C7299C0AA7007466CB /* Resources */ = {
			isa = PBXResourcesBuildPhase;
			buildActionMask = 2147483647;
			files = (
				7B5947D4299C0AA9007466CB /* Preview Assets.xcassets in Resources */,
				7B5947D1299C0AA9007466CB /* Assets.xcassets in Resources */,
			);
			runOnlyForDeploymentPostprocessing = 0;
		};
		7B5947D7299C0AA9007466CB /* Resources */ = {
			isa = PBXResourcesBuildPhase;
			buildActionMask = 2147483647;
			files = (
			);
			runOnlyForDeploymentPostprocessing = 0;
		};
		7B5947E1299C0AA9007466CB /* Resources */ = {
			isa = PBXResourcesBuildPhase;
			buildActionMask = 2147483647;
			files = (
			);
			runOnlyForDeploymentPostprocessing = 0;
		};
/* End PBXResourcesBuildPhase section */

/* Begin PBXSourcesBuildPhase section */
		7B5947C5299C0AA7007466CB /* Sources */ = {
			isa = PBXSourcesBuildPhase;
			buildActionMask = 2147483647;
			files = (
				7B5947F7299C0C59007466CB /* new.swift in Sources */,
				7B5947CF299C0AA7007466CB /* ContentView.swift in Sources */,
				7B5947CD299C0AA7007466CB /* GitHubXcodeApp.swift in Sources */,
			);
			runOnlyForDeploymentPostprocessing = 0;
		};
		7B5947D5299C0AA9007466CB /* Sources */ = {
			isa = PBXSourcesBuildPhase;
			buildActionMask = 2147483647;
			files = (
				7B5947DE299C0AA9007466CB /* GitHubXcodeTests.swift in Sources */,
			);
			runOnlyForDeploymentPostprocessing = 0;
		};
		7B5947DF299C0AA9007466CB /* Sources */ = {
			isa = PBXSourcesBuildPhase;
			buildActionMask = 2147483647;
			files = (
				7B5947E8299C0AA9007466CB /* GitHubXcodeUITests.swift in Sources */,
				7B5947EA299C0AA9007466CB /* GitHubXcodeUITestsLaunchTests.swift in Sources */,
			);
			runOnlyForDeploymentPostprocessing = 0;
		};
/* End PBXSourcesBuildPhase section */

/* Begin PBXTargetDependency section */
		7B5947DB299C0AA9007466CB /* PBXTargetDependency */ = {
			isa = PBXTargetDependency;
			target = 7B5947C8299C0AA7007466CB /* GitHubXcode */;
			targetProxy = 7B5947DA299C0AA9007466CB /* PBXContainerItemProxy */;
		};
		7B5947E5299C0AA9007466CB /* PBXTargetDependency */ = {
			isa = PBXTargetDependency;
			target = 7B5947C8299C0AA7007466CB /* GitHubXcode */;
			targetProxy = 7B5947E4299C0AA9007466CB /* PBXContainerItemProxy */;
		};
/* End PBXTargetDependency section */

/* Begin XCBuildConfiguration section */
		7B5947EB299C0AA9007466CB /* Debug */ = {
			isa = XCBuildConfiguration;
			buildSettings = {
				ALWAYS_SEARCH_USER_PATHS = NO;
				CLANG_ANALYZER_NONNULL = YES;
				CLANG_ANALYZER_NUMBER_OBJECT_CONVERSION = YES_AGGRESSIVE;
				CLANG_CXX_LANGUAGE_STANDARD = "gnu++20";
				CLANG_ENABLE_MODULES = YES;
				CLANG_ENABLE_OBJC_ARC = YES;
				CLANG_ENABLE_OBJC_WEAK = YES;
				CLANG_WARN_BLOCK_CAPTURE_AUTORELEASING = YES;
				CLANG_WARN_BOOL_CONVERSION = YES;
				CLANG_WARN_COMMA = YES;
				CLANG_WARN_CONSTANT_CONVERSION = YES;
				CLANG_WARN_DEPRECATED_OBJC_IMPLEMENTATIONS = YES;
				CLANG_WARN_DIRECT_OBJC_ISA_USAGE = YES_ERROR;
				CLANG_WARN_DOCUMENTATION_COMMENTS = YES;
				CLANG_WARN_EMPTY_BODY = YES;
				CLANG_WARN_ENUM_CONVERSION = YES;
				CLANG_WARN_INFINITE_RECURSION = YES;
				CLANG_WARN_INT_CONVERSION = YES;
				CLANG_WARN_NON_LITERAL_NULL_CONVERSION = YES;
				CLANG_WARN_OBJC_IMPLICIT_RETAIN_SELF = YES;
				CLANG_WARN_OBJC_LITERAL_CONVERSION = YES;
				CLANG_WARN_OBJC_ROOT_CLASS = YES_ERROR;
				CLANG_WARN_QUOTED_INCLUDE_IN_FRAMEWORK_HEADER = YES;
				CLANG_WARN_RANGE_LOOP_ANALYSIS = YES;
				CLANG_WARN_STRICT_PROTOTYPES = YES;
				CLANG_WARN_SUSPICIOUS_MOVE = YES;
				CLANG_WARN_UNGUARDED_AVAILABILITY = YES_AGGRESSIVE;
				CLANG_WARN_UNREACHABLE_CODE = YES;
				CLANG_WARN__DUPLICATE_METHOD_MATCH = YES;
				COPY_PHASE_STRIP = NO;
				DEBUG_INFORMATION_FORMAT = dwarf;
				ENABLE_STRICT_OBJC_MSGSEND = YES;
				ENABLE_TESTABILITY = YES;
				GCC_C_LANGUAGE_STANDARD = gnu11;
				GCC_DYNAMIC_NO_PIC = NO;
				GCC_NO_COMMON_BLOCKS = YES;
				GCC_OPTIMIZATION_LEVEL = 0;
				GCC_PREPROCESSOR_DEFINITIONS = (
					"DEBUG=1",
					"$(inherited)",
				);
				GCC_WARN_64_TO_32_BIT_CONVERSION = YES;
				GCC_WARN_ABOUT_RETURN_TYPE = YES_ERROR;
				GCC_WARN_UNDECLARED_SELECTOR = YES;
				GCC_WARN_UNINITIALIZED_AUTOS = YES_AGGRESSIVE;
				GCC_WARN_UNUSED_FUNCTION = YES;
				GCC_WARN_UNUSED_VARIABLE = YES;
				IPHONEOS_DEPLOYMENT_TARGET = 16.2;
				MTL_ENABLE_DEBUG_INFO = INCLUDE_SOURCE;
				MTL_FAST_MATH = YES;
				ONLY_ACTIVE_ARCH = YES;
				SDKROOT = iphoneos;
				SWIFT_ACTIVE_COMPILATION_CONDITIONS = DEBUG;
				SWIFT_OPTIMIZATION_LEVEL = "-Onone";
			};
			name = Debug;
		};
		7B5947EC299C0AA9007466CB /* Release */ = {
			isa = XCBuildConfiguration;
			buildSettings = {
				ALWAYS_SEARCH_USER_PATHS = NO;
				CLANG_ANALYZER_NONNULL = YES;
				CLANG_ANALYZER_NUMBER_OBJECT_CONVERSION = YES_AGGRESSIVE;
				CLANG_CXX_LANGUAGE_STANDARD = "gnu++20";
				CLANG_ENABLE_MODULES = YES;
				CLANG_ENABLE_OBJC_ARC = YES;
				CLANG_ENABLE_OBJC_WEAK = YES;
				CLANG_WARN_BLOCK_CAPTURE_AUTORELEASING = YES;
				CLANG_WARN_BOOL_CONVERSION = YES;
				CLANG_WARN_COMMA = YES;
				CLANG_WARN_CONSTANT_CONVERSION = YES;
				CLANG_WARN_DEPRECATED_OBJC_IMPLEMENTATIONS = YES;
				CLANG_WARN_DIRECT_OBJC_ISA_USAGE = YES_ERROR;
				CLANG_WARN_DOCUMENTATION_COMMENTS = YES;
				CLANG_WARN_EMPTY_BODY = YES;
				CLANG_WARN_ENUM_CONVERSION = YES;
				CLANG_WARN_INFINITE_RECURSION = YES;
				CLANG_WARN_INT_CONVERSION = YES;
				CLANG_WARN_NON_LITERAL_NULL_CONVERSION = YES;
				CLANG_WARN_OBJC_IMPLICIT_RETAIN_SELF = YES;
				CLANG_WARN_OBJC_LITERAL_CONVERSION = YES;
				CLANG_WARN_OBJC_ROOT_CLASS = YES_ERROR;
				CLANG_WARN_QUOTED_INCLUDE_IN_FRAMEWORK_HEADER = YES;
				CLANG_WARN_RANGE_LOOP_ANALYSIS = YES;
				CLANG_WARN_STRICT_PROTOTYPES = YES;
				CLANG_WARN_SUSPICIOUS_MOVE = YES;
				CLANG_WARN_UNGUARDED_AVAILABILITY = YES_AGGRESSIVE;
				CLANG_WARN_UNREACHABLE_CODE = YES;
				CLANG_WARN__DUPLICATE_METHOD_MATCH = YES;
				COPY_PHASE_STRIP = NO;
				DEBUG_INFORMATION_FORMAT = "dwarf-with-dsym";
				ENABLE_NS_ASSERTIONS = NO;
				ENABLE_STRICT_OBJC_MSGSEND = YES;
				GCC_C_LANGUAGE_STANDARD = gnu11;
				GCC_NO_COMMON_BLOCKS = YES;
				GCC_WARN_64_TO_32_BIT_CONVERSION = YES;
				GCC_WARN_ABOUT_RETURN_TYPE = YES_ERROR;
				GCC_WARN_UNDECLARED_SELECTOR = YES;
				GCC_WARN_UNINITIALIZED_AUTOS = YES_AGGRESSIVE;
				GCC_WARN_UNUSED_FUNCTION = YES;
				GCC_WARN_UNUSED_VARIABLE = YES;
				IPHONEOS_DEPLOYMENT_TARGET = 16.2;
				MTL_ENABLE_DEBUG_INFO = NO;
				MTL_FAST_MATH = YES;
				SDKROOT = iphoneos;
				SWIFT_COMPILATION_MODE = wholemodule;
				SWIFT_OPTIMIZATION_LEVEL = "-O";
				VALIDATE_PRODUCT = YES;
			};
			name = Release;
		};
		7B5947EE299C0AA9007466CB /* Debug */ = {
			isa = XCBuildConfiguration;
			buildSettings = {
				ASSETCATALOG_COMPILER_APPICON_NAME = AppIcon;
				ASSETCATALOG_COMPILER_GLOBAL_ACCENT_COLOR_NAME = AccentColor;
				CODE_SIGN_STYLE = Automatic;
				CURRENT_PROJECT_VERSION = 1;
				DEVELOPMENT_ASSET_PATHS = "\"GitHubXcode/Preview Content\"";
				ENABLE_PREVIEWS = YES;
				GENERATE_INFOPLIST_FILE = YES;
				INFOPLIST_KEY_UIApplicationSceneManifest_Generation = YES;
				INFOPLIST_KEY_UIApplicationSupportsIndirectInputEvents = YES;
				INFOPLIST_KEY_UILaunchScreen_Generation = YES;
				INFOPLIST_KEY_UISupportedInterfaceOrientations_iPad = "UIInterfaceOrientationPortrait UIInterfaceOrientationPortraitUpsideDown UIInterfaceOrientationLandscapeLeft UIInterfaceOrientationLandscapeRight";
				INFOPLIST_KEY_UISupportedInterfaceOrientations_iPhone = "UIInterfaceOrientationPortrait UIInterfaceOrientationLandscapeLeft UIInterfaceOrientationLandscapeRight";
				LD_RUNPATH_SEARCH_PATHS = (
					"$(inherited)",
					"@executable_path/Frameworks",
				);
				MARKETING_VERSION = 1.0;
				PRODUCT_BUNDLE_IDENTIFIER = DSA.GitHubXcode;
				PRODUCT_NAME = "$(TARGET_NAME)";
				SWIFT_EMIT_LOC_STRINGS = YES;
				SWIFT_VERSION = 5.0;
				TARGETED_DEVICE_FAMILY = "1,2";
			};
			name = Debug;
		};
		7B5947EF299C0AA9007466CB /* Release */ = {
			isa = XCBuildConfiguration;
			buildSettings = {
				ASSETCATALOG_COMPILER_APPICON_NAME = AppIcon;
				ASSETCATALOG_COMPILER_GLOBAL_ACCENT_COLOR_NAME = AccentColor;
				CODE_SIGN_STYLE = Automatic;
				CURRENT_PROJECT_VERSION = 1;
				DEVELOPMENT_ASSET_PATHS = "\"GitHubXcode/Preview Content\"";
				ENABLE_PREVIEWS = YES;
				GENERATE_INFOPLIST_FILE = YES;
				INFOPLIST_KEY_UIApplicationSceneManifest_Generation = YES;
				INFOPLIST_KEY_UIApplicationSupportsIndirectInputEvents = YES;
				INFOPLIST_KEY_UILaunchScreen_Generation = YES;
				INFOPLIST_KEY_UISupportedInterfaceOrientations_iPad = "UIInterfaceOrientationPortrait UIInterfaceOrientationPortraitUpsideDown UIInterfaceOrientationLandscapeLeft UIInterfaceOrientationLandscapeRight";
				INFOPLIST_KEY_UISupportedInterfaceOrientations_iPhone = "UIInterfaceOrientationPortrait UIInterfaceOrientationLandscapeLeft UIInterfaceOrientationLandscapeRight";
				LD_RUNPATH_SEARCH_PATHS = (
					"$(inherited)",
					"@executable_path/Frameworks",
				);
				MARKETING_VERSION = 1.0;
				PRODUCT_BUNDLE_IDENTIFIER = DSA.GitHubXcode;
				PRODUCT_NAME = "$(TARGET_NAME)";
				SWIFT_EMIT_LOC_STRINGS = YES;
				SWIFT_VERSION = 5.0;
				TARGETED_DEVICE_FAMILY = "1,2";
			};
			name = Release;
		};
		7B5947F1299C0AA9007466CB /* Debug */ = {
			isa = XCBuildConfiguration;
			buildSettings = {
				ALWAYS_EMBED_SWIFT_STANDARD_LIBRARIES = YES;
				BUNDLE_LOADER = "$(TEST_HOST)";
				CODE_SIGN_STYLE = Automatic;
				CURRENT_PROJECT_VERSION = 1;
				GENERATE_INFOPLIST_FILE = YES;
				IPHONEOS_DEPLOYMENT_TARGET = 16.2;
				MARKETING_VERSION = 1.0;
				PRODUCT_BUNDLE_IDENTIFIER = DSA.GitHubXcodeTests;
				PRODUCT_NAME = "$(TARGET_NAME)";
				SWIFT_EMIT_LOC_STRINGS = NO;
				SWIFT_VERSION = 5.0;
				TARGETED_DEVICE_FAMILY = "1,2";
				TEST_HOST = "$(BUILT_PRODUCTS_DIR)/GitHubXcode.app/$(BUNDLE_EXECUTABLE_FOLDER_PATH)/GitHubXcode";
			};
			name = Debug;
		};
		7B5947F2299C0AA9007466CB /* Release */ = {
			isa = XCBuildConfiguration;
			buildSettings = {
				ALWAYS_EMBED_SWIFT_STANDARD_LIBRARIES = YES;
				BUNDLE_LOADER = "$(TEST_HOST)";
				CODE_SIGN_STYLE = Automatic;
				CURRENT_PROJECT_VERSION = 1;
				GENERATE_INFOPLIST_FILE = YES;
				IPHONEOS_DEPLOYMENT_TARGET = 16.2;
				MARKETING_VERSION = 1.0;
				PRODUCT_BUNDLE_IDENTIFIER = DSA.GitHubXcodeTests;
				PRODUCT_NAME = "$(TARGET_NAME)";
				SWIFT_EMIT_LOC_STRINGS = NO;
				SWIFT_VERSION = 5.0;
				TARGETED_DEVICE_FAMILY = "1,2";
				TEST_HOST = "$(BUILT_PRODUCTS_DIR)/GitHubXcode.app/$(BUNDLE_EXECUTABLE_FOLDER_PATH)/GitHubXcode";
			};
			name = Release;
		};
		7B5947F4299C0AA9007466CB /* Debug */ = {
			isa = XCBuildConfiguration;
			buildSettings = {
				ALWAYS_EMBED_SWIFT_STANDARD_LIBRARIES = YES;
				CODE_SIGN_STYLE = Automatic;
				CURRENT_PROJECT_VERSION = 1;
				GENERATE_INFOPLIST_FILE = YES;
				MARKETING_VERSION = 1.0;
				PRODUCT_BUNDLE_IDENTIFIER = DSA.GitHubXcodeUITests;
				PRODUCT_NAME = "$(TARGET_NAME)";
				SWIFT_EMIT_LOC_STRINGS = NO;
				SWIFT_VERSION = 5.0;
				TARGETED_DEVICE_FAMILY = "1,2";
				TEST_TARGET_NAME = GitHubXcode;
			};
			name = Debug;
		};
		7B5947F5299C0AA9007466CB /* Release */ = {
			isa = XCBuildConfiguration;
			buildSettings = {
				ALWAYS_EMBED_SWIFT_STANDARD_LIBRARIES = YES;
				CODE_SIGN_STYLE = Automatic;
				CURRENT_PROJECT_VERSION = 1;
				GENERATE_INFOPLIST_FILE = YES;
				MARKETING_VERSION = 1.0;
				PRODUCT_BUNDLE_IDENTIFIER = DSA.GitHubXcodeUITests;
				PRODUCT_NAME = "$(TARGET_NAME)";
				SWIFT_EMIT_LOC_STRINGS = NO;
				SWIFT_VERSION = 5.0;
				TARGETED_DEVICE_FAMILY = "1,2";
				TEST_TARGET_NAME = GitHubXcode;
			};
			name = Release;
		};
/* End XCBuildConfiguration section */

/* Begin XCConfigurationList section */
		7B5947C4299C0AA7007466CB /* Build configuration list for PBXProject "GitHubXcode" */ = {
			isa = XCConfigurationList;
			buildConfigurations = (
				7B5947EB299C0AA9007466CB /* Debug */,
				7B5947EC299C0AA9007466CB /* Release */,
			);
			defaultConfigurationIsVisible = 0;
			defaultConfigurationName = Release;
		};
		7B5947ED299C0AA9007466CB /* Build configuration list for PBXNativeTarget "GitHubXcode" */ = {
			isa = XCConfigurationList;
			buildConfigurations = (
				7B5947EE299C0AA9007466CB /* Debug */,
				7B5947EF299C0AA9007466CB /* Release */,
			);
			defaultConfigurationIsVisible = 0;
			defaultConfigurationName = Release;
		};
		7B5947F0299C0AA9007466CB /* Build configuration list for PBXNativeTarget "GitHubXcodeTests" */ = {
			isa = XCConfigurationList;
			buildConfigurations = (
				7B5947F1299C0AA9007466CB /* Debug */,
				7B5947F2299C0AA9007466CB /* Release */,
			);
			defaultConfigurationIsVisible = 0;
			defaultConfigurationName = Release;
		};
		7B5947F3299C0AA9007466CB /* Build configuration list for PBXNativeTarget "GitHubXcodeUITests" */ = {
			isa = XCConfigurationList;
			buildConfigurations = (
				7B5947F4299C0AA9007466CB /* Debug */,
				7B5947F5299C0AA9007466CB /* Release */,
			);
			defaultConfigurationIsVisible = 0;
			defaultConfigurationName = Release;
		};
/* End XCConfigurationList section */
	};
	rootObject = 7B5947C1299C0AA7007466CB /* Project object */;
}
